
Microsoft Visual Studio Solution File, Format Version 12.00
# Visual Studio 14
VisualStudioVersion = 14.0.25420.1
MinimumVisualStudioVersion = 10.0.40219.1
Project("{FAE04EC0-301F-11D3-BF4B-00C04F79EFBC}") = "Ejemplo1Propuesto", "Ejemplo1Propuesto\Ejemplo1Propuesto.csproj", "{93EDCF7E-C0B0-4776-9B29-612042BB987C}"
EndProject
Project("{FAE04EC0-301F-11D3-BF4B-00C04F79EFBC}") = "MiPrimeraClase", "..\..\MiPrimeraClase\MiPrimeraClase\MiPrimeraClase.csproj", "{5056154F-0B85-4DD5-8B69-16D56111B87E}"
EndProject
Global
	GlobalSection(SolutionConfigurationPlatforms) = preSolution
		Debug|Any CPU = Debug|Any CPU
		Release|Any CPU = Release|Any CPU
	EndGlobalSection
	GlobalSection(ProjectConfigurationPlatforms) = postSolution
		{93EDCF7E-C0B0-4776-9B29-612042BB987C}.Debug|Any CPU.ActiveCfg = Debug|Any CPU
		{93EDCF7E-C0B0-4776-9B29-612042BB987C}.Debug|Any CPU.Build.0 = Debug|Any CPU
		{93EDCF7E-C0B0-4776-9B29-612042BB987C}.Release|Any CPU.ActiveCfg = Release|Any CPU
		{93EDCF7E-C0B0-4776-9B29-612042BB987C}.Release|Any CPU.Build.0 = Release|Any CPU
		{5056154F-0B85-4DD5-8B69-16D56111B87E}.Debug|Any CPU.ActiveCfg = Debug|Any CPU
		{5056154F-0B85-4DD5-8B69-16D56111B87E}.Debug|Any CPU.Build.0 = Debug|Any CPU
		{5056154F-0B85-4DD5-8B69-16D56111B87E}.Release|Any CPU.ActiveCfg = Release|Any CPU
		{5056154F-0B85-4DD5-8B69-16D56111B87E}.Release|Any CPU.Build.0 = Release|Any CPU
	EndGlobalSection
	GlobalSection(SolutionProperties) = preSolution
		HideSolutionNode = FALSE
	EndGlobalSection
EndGlobal
